
Microsoft Visual Studio Solution File, Format Version 12.00
# Visual Studio Version 16
VisualStudioVersion = 16.0.32228.343
MinimumVisualStudioVersion = 10.0.40219.1
Project("{FAE04EC0-301F-11D3-BF4B-00C04F79EFBC}") = "Student_Grading_System", "Student_Grading_System\Student_Grading_System.csproj", "{187D0CBE-5BEC-40AB-9D29-C5BFDC64B855}"
EndProject
Global
	GlobalSection(SolutionConfigurationPlatforms) = preSolution
		Debug|Any CPU = Debug|Any CPU
		Release|Any CPU = Release|Any CPU
	EndGlobalSection
	GlobalSection(ProjectConfigurationPlatforms) = postSolution
		{187D0CBE-5BEC-40AB-9D29-C5BFDC64B855}.Debug|Any CPU.ActiveCfg = Debug|Any CPU
		{187D0CBE-5BEC-40AB-9D29-C5BFDC64B855}.Debug|Any CPU.Build.0 = Debug|Any CPU
		{187D0CBE-5BEC-40AB-9D29-C5BFDC64B855}.Release|Any CPU.ActiveCfg = Release|Any CPU
		{187D0CBE-5BEC-40AB-9D29-C5BFDC64B855}.Release|Any CPU.Build.0 = Release|Any CPU
	EndGlobalSection
	GlobalSection(SolutionProperties) = preSolution
		HideSolutionNode = FALSE
	EndGlobalSection
	GlobalSection(ExtensibilityGlobals) = postSolution
		SolutionGuid = {EF0C33FA-6EA1-4470-932D-E0B426308DD0}
	EndGlobalSection
EndGlobal
